<?xml version="1.0" encoding="utf-8"?>
<Project ToolsVersion="4.0" xmlns="http://schemas.microsoft.com/developer/msbuild/2003">
  <ItemGroup>
    <Filter Include="Source Files">
      <UniqueIdentifier>{4FC737F1-C7A5-4376-A066-2A32D752A2FF}</UniqueIdentifier>
      <Extensions>cpp;c;cc;cxx;def;odl;idl;hpj;bat;asm;asmx</Extensions>
    </Filter>
    <Filter Include="Header Files">
      <UniqueIdentifier>{93995380-89BD-4b04-88EB-625FBE52EBFB}</UniqueIdentifier>
      <Extensions>h;hpp;hxx;hm;inl;inc;xsd</Extensions>
    </Filter>
    <Filter Include="Resource Files">
      <UniqueIdentifier>{67DA6AB6-F800-4c08-8B7A-83BB121AAD01}</UniqueIdentifier>
      <Extensions>rc;ico;cur;bmp;dlg;rc2;rct;bin;rgs;gif;jpg;jpeg;jpe;resx;tiff;tif;png;wav</Extensions>
    </Filter>
  </ItemGroup>
  <ItemGroup>
    <ClCompile Include="dtk.cpp">
      <Filter>Source Files</Filter>
    </ClCompile>
    <ClCompile Include="dtkAssert.cpp">
      <Filter>Source Files</Filter>
    </ClCompile>
    <ClCompile Include="dtkCollisionDetectBasic.cpp">
      <Filter>Source Files</Filter>
    </ClCompile>
    <ClCompile Include="dtkCollisionDetectHierarchy.cpp">
      <Filter>Source Files</Filter>
    </ClCompile>
    <ClCompile Include="dtkCollisionDetectHierarchyKDOPS.cpp">
      <Filter>Source Files</Filter>
    </ClCompile>
    <ClCompile Include="dtkCollisionDetectNode.cpp">
      <Filter>Source Files</Filter>
    </ClCompile>
    <ClCompile Include="dtkCollisionDetectNodeKDOPS.cpp">
      <Filter>Source Files</Filter>
    </ClCompile>
    <ClCompile Include="dtkCollisionDetectPrimitive.cpp">
      <Filter>Source Files</Filter>
    </ClCompile>
    <ClCompile Include="dtkCollisionDetectStage.cpp">
      <Filter>Source Files</Filter>
    </ClCompile>
    <ClCompile Include="dtkErrorManager.cpp">
      <Filter>Source Files</Filter>
    </ClCompile>
    <ClCompile Include="dtkGraphicsKernel.cpp">
      <Filter>Source Files</Filter>
    </ClCompile>
    <ClCompile Include="dtkIntersectTest.cpp">
      <Filter>Source Files</Filter>
    </ClCompile>
    <ClCompile Include="dtkPhysCore.cpp">
      <Filter>Source Files</Filter>
    </ClCompile>
    <ClCompile Include="dtkPhysKnotPlanner.cpp">
      <Filter>Source Files</Filter>
    </ClCompile>
    <ClCompile Include="dtkPhysMassPoint.cpp">
      <Filter>Source Files</Filter>
    </ClCompile>
    <ClCompile Include="dtkPhysMassSpring.cpp">
      <Filter>Source Files</Filter>
    </ClCompile>
    <ClCompile Include="dtkPhysMassSpringCollisionResponse.cpp">
      <Filter>Source Files</Filter>
    </ClCompile>
    <ClCompile Include="dtkPhysMassSpringThread.cpp">
      <Filter>Source Files</Filter>
    </ClCompile>
    <ClCompile Include="dtkPhysMassSpringThreadCollisionResponse.cpp">
      <Filter>Source Files</Filter>
    </ClCompile>
    <ClCompile Include="dtkPhysParticle.cpp">
      <Filter>Source Files</Filter>
    </ClCompile>
    <ClCompile Include="dtkPhysParticleSystem.cpp">
      <Filter>Source Files</Filter>
    </ClCompile>
    <ClCompile Include="dtkPhysSpring.cpp">
      <Filter>Source Files</Filter>
    </ClCompile>
    <ClCompile Include="dtkPhysTetraMassSpring.cpp">
      <Filter>Source Files</Filter>
    </ClCompile>
    <ClCompile Include="dtkPointsReader.cpp">
      <Filter>Source Files</Filter>
    </ClCompile>
    <ClCompile Include="dtkPointsWriter.cpp">
      <Filter>Source Files</Filter>
    </ClCompile>
    <ClCompile Include="dtkSign.cpp">
      <Filter>Source Files</Filter>
    </ClCompile>
    <ClCompile Include="dtkStaticMeshEliminator.cpp">
      <Filter>Source Files</Filter>
    </ClCompile>
    <ClCompile Include="dtkStaticTetraMesh.cpp">
      <Filter>Source Files</Filter>
    </ClCompile>
    <ClCompile Include="dtkStaticTetraMeshReader.cpp">
      <Filter>Source Files</Filter>
    </ClCompile>
    <ClCompile Include="dtkStaticTetraMeshWriter.cpp">
      <Filter>Source Files</Filter>
    </ClCompile>
    <ClCompile Include="dtkStaticTriangleMesh.cpp">
      <Filter>Source Files</Filter>
    </ClCompile>
    <ClCompile Include="dtkStaticTriangleMeshReader.cpp">
      <Filter>Source Files</Filter>
    </ClCompile>
    <ClCompile Include="dtkStaticTriangleMeshWriter.cpp">
      <Filter>Source Files</Filter>
    </ClCompile>
  </ItemGroup>
  <ItemGroup>
    <ClInclude Include="dtk.h">
      <Filter>Header Files</Filter>
    </ClInclude>
    <ClInclude Include="dtkArray.h">
      <Filter>Header Files</Filter>
    </ClInclude>
    <ClInclude Include="dtkAssert.h">
      <Filter>Header Files</Filter>
    </ClInclude>
    <ClInclude Include="dtkCollisionDetectBasic.h">
      <Filter>Header Files</Filter>
    </ClInclude>
    <ClInclude Include="dtkCollisionDetectHierarchy.h">
      <Filter>Header Files</Filter>
    </ClInclude>
    <ClInclude Include="dtkCollisionDetectHierarchyKDOPS.h">
      <Filter>Header Files</Filter>
    </ClInclude>
    <ClInclude Include="dtkCollisionDetectNode.h">
      <Filter>Header Files</Filter>
    </ClInclude>
    <ClInclude Include="dtkCollisionDetectNodeKDOPS.h">
      <Filter>Header Files</Filter>
    </ClInclude>
    <ClInclude Include="dtkCollisionDetectPrimitive.h">
      <Filter>Header Files</Filter>
    </ClInclude>
    <ClInclude Include="dtkCollisionDetectStage.h">
      <Filter>Header Files</Filter>
    </ClInclude>
    <ClInclude Include="dtkConfig.h">
      <Filter>Header Files</Filter>
    </ClInclude>
    <ClInclude Include="dtkError.h">
      <Filter>Header Files</Filter>
    </ClInclude>
    <ClInclude Include="dtkErrorManager.h">
      <Filter>Header Files</Filter>
    </ClInclude>
    <ClInclude Include="dtkExports.h">
      <Filter>Header Files</Filter>
    </ClInclude>
    <ClInclude Include="dtkGraphics.h">
      <Filter>Header Files</Filter>
    </ClInclude>
    <ClInclude Include="dtkGraphicsKernel.h">
      <Filter>Header Files</Filter>
    </ClInclude>
    <ClInclude Include="dtkGraphicsTools.h">
      <Filter>Header Files</Filter>
    </ClInclude>
    <ClInclude Include="dtkIDTypes.h">
      <Filter>Header Files</Filter>
    </ClInclude>
    <ClInclude Include="dtkImports.h">
      <Filter>Header Files</Filter>
    </ClInclude>
    <ClInclude Include="dtkInit.h">
      <Filter>Header Files</Filter>
    </ClInclude>
    <ClInclude Include="dtkIntersectTest.h">
      <Filter>Header Files</Filter>
    </ClInclude>
    <ClInclude Include="dtkIO.h">
      <Filter>Header Files</Filter>
    </ClInclude>
    <ClInclude Include="dtkMatrix.h">
      <Filter>Header Files</Filter>
    </ClInclude>
    <ClInclude Include="dtkMatrixAlgorithm.h">
      <Filter>Header Files</Filter>
    </ClInclude>
    <ClInclude Include="dtkMatrixOP.h">
      <Filter>Header Files</Filter>
    </ClInclude>
    <ClInclude Include="dtkPhysCore.h">
      <Filter>Header Files</Filter>
    </ClInclude>
    <ClInclude Include="dtkPhysKnotPlanner.h">
      <Filter>Header Files</Filter>
    </ClInclude>
    <ClInclude Include="dtkPhysMassPoint.h">
      <Filter>Header Files</Filter>
    </ClInclude>
    <ClInclude Include="dtkPhysMassSpring.h">
      <Filter>Header Files</Filter>
    </ClInclude>
    <ClInclude Include="dtkPhysMassSpringCollisionResponse.h">
      <Filter>Header Files</Filter>
    </ClInclude>
    <ClInclude Include="dtkPhysMassSpringThread.h">
      <Filter>Header Files</Filter>
    </ClInclude>
    <ClInclude Include="dtkPhysMassSpringThreadCollisionResponse.h">
      <Filter>Header Files</Filter>
    </ClInclude>
    <ClInclude Include="dtkPhysParticle.h">
      <Filter>Header Files</Filter>
    </ClInclude>
    <ClInclude Include="dtkPhysParticleSystem.h">
      <Filter>Header Files</Filter>
    </ClInclude>
    <ClInclude Include="dtkPhysSpring.h">
      <Filter>Header Files</Filter>
    </ClInclude>
    <ClInclude Include="dtkPhysTetraMassSpring.h">
      <Filter>Header Files</Filter>
    </ClInclude>
    <ClInclude Include="dtkPoints.h">
      <Filter>Header Files</Filter>
    </ClInclude>
    <ClInclude Include="dtkPointsReader.h">
      <Filter>Header Files</Filter>
    </ClInclude>
    <ClInclude Include="dtkPointsVector.h">
      <Filter>Header Files</Filter>
    </ClInclude>
    <ClInclude Include="dtkPointsWriter.h">
      <Filter>Header Files</Filter>
    </ClInclude>
    <ClInclude Include="dtkProperty.h">
      <Filter>Header Files</Filter>
    </ClInclude>
    <ClInclude Include="dtkRandom.h">
      <Filter>Header Files</Filter>
    </ClInclude>
    <ClInclude Include="dtkSign.h">
      <Filter>Header Files</Filter>
    </ClInclude>
    <ClInclude Include="dtkStaticMeshEliminator.h">
      <Filter>Header Files</Filter>
    </ClInclude>
    <ClInclude Include="dtkStaticTetraMesh.h">
      <Filter>Header Files</Filter>
    </ClInclude>
    <ClInclude Include="dtkStaticTetraMeshReader.h">
      <Filter>Header Files</Filter>
    </ClInclude>
    <ClInclude Include="dtkStaticTetraMeshWriter.h">
      <Filter>Header Files</Filter>
    </ClInclude>
    <ClInclude Include="dtkStaticTriangleMesh.h">
      <Filter>Header Files</Filter>
    </ClInclude>
    <ClInclude Include="dtkStaticTriangleMeshReader.h">
      <Filter>Header Files</Filter>
    </ClInclude>
    <ClInclude Include="dtkStaticTriangleMeshWriter.h">
      <Filter>Header Files</Filter>
    </ClInclude>
    <ClInclude Include="dtkTime.h">
      <Filter>Header Files</Filter>
    </ClInclude>
    <ClInclude Include="dtkTx.h">
      <Filter>Header Files</Filter>
    </ClInclude>
    <ClInclude Include="dtkTxIO.h">
      <Filter>Header Files</Filter>
    </ClInclude>
    <ClInclude Include="dtkTxOP.h">
      <Filter>Header Files</Filter>
    </ClInclude>
    <ClInclude Include="dtkUtility.h">
      <Filter>Header Files</Filter>
    </ClInclude>
  </ItemGroup>
</Project>